{
  "name": "@aiwayds/dsh-topics-memory",
  "version": "0.17.1",
  "lockfileVersion": 3,
  "requires": true,
  "packages": {
    "": {
      "name": "@aiwayds/dsh-topics-memory",
      "version": "0.17.1",
      "license": "MIT",
      "devDependencies": {
        "@deepseek-ai/cordis": "4.0.2",
        "@deepseek-ai/dsh-agent": "0.1.7-rc.1",
        "@deepseek-ai/dsh-attachment": "0.1.7-rc.1",
        "@deepseek-ai/dsh-brand": "0.1.7-rc.1",
        "@deepseek-ai/dsh-commands": "0.1.7-rc.1",
        "@deepseek-ai/dsh-invariants": "0.1.7-rc.1",
        "@deepseek-ai/dsh-llm": "0.1.7-rc.1",
        "@deepseek-ai/dsh-sandbox": "0.1.7-rc.1",
        "@deepseek-ai/dsh-scope": "0.1.7-rc.1",
        "@deepseek-ai/dsh-session": "0.1.7-rc.1",
        "@deepseek-ai/dsh-settings": "0.1.7-rc.1",
        "@deepseek-ai/dsh-skill": "0.1.7-rc.1",
        "@deepseek-ai/dsh-system-prompt": "0.1.7-rc.1",
        "@deepseek-ai/dsh-timeout": "0.1.7-rc.1",
        "@deepseek-ai/dsh-tools": "0.1.7-rc.1",
        "@deepseek-ai/dsh-user-approval": "0.1.7-rc.1",
        "@deepseek-ai/dsh-util-values": "0.1.7-rc.1",
        "@deepseek-ai/schemastery": "3.18.2",
        "@types/node": "^22.19.0",
        "typescript": "^5.9.2"
      },
      "engines": {
        "node": ">=22.19.0"
      },
      "peerDependencies": {
        "@deepseek-ai/cordis": "^4.0.2",
        "@deepseek-ai/dsh-commands": ">=0.1.7-rc.1",
        "@deepseek-ai/dsh-llm": ">=0.1.7-rc.1",
        "@deepseek-ai/dsh-settings": ">=0.1.7-rc.1",
        "@deepseek-ai/dsh-skill": ">=0.1.7-rc.1",
        "@deepseek-ai/dsh-tools": ">=0.1.7-rc.1",
        "@deepseek-ai/dsh-util-values": ">=0.1.7-rc.1",
        "@deepseek-ai/schemastery": "^3.18.2"
      },
      "peerDependenciesMeta": {
        "@deepseek-ai/cordis": {
          "optional": true
        },
        "@deepseek-ai/dsh-commands": {
          "optional": true
        },
        "@deepseek-ai/dsh-llm": {
          "optional": true
        },
        "@deepseek-ai/dsh-settings": {
          "optional": true
        },
        "@deepseek-ai/dsh-skill": {
          "optional": true
        },
        "@deepseek-ai/dsh-tools": {
          "optional": true
        },
        "@deepseek-ai/dsh-util-values": {
          "optional": true
        },
        "@deepseek-ai/schemastery": {
          "optional": true
        }
      }
    },
    "node_modules/@deepseek-ai/cordis": {
      "version": "4.0.2",
      "resolved": "https://registry.npmmirror.com/@deepseek-ai/cordis/-/cordis-4.0.2.tgz",
      "integrity": "sha512-asOnXP1TzFSFQlHb1iegDZp0z/8WD1c7YNrwJR/Tx2bzNuMXfcekE/I67Iv6SQXeLB4csxqCngzQKANP7gdw0g==",
      "dev": true,
      "license": "MIT",
      "dependencies": {
        "@deepseek-ai/cosmokit": "^1.8.3",
        "@standard-schema/spec": "^1.1.0"
      },
      "bin": {
        "cordis": "bin.js"
      },
      "peerDependencies": {
        "@deepseek-ai/cordis-plugin-include": "^1.0.7",
        "@deepseek-ai/cordis-plugin-loader": "^1.0.3"
      },
      "peerDependenciesMeta": {
        "@deepseek-ai/cordis-plugin-include": {
          "optional": true
        },
        "@deepseek-ai/cordis-plugin-loader": {
          "optional": true
        }
      }
    },
    "node_modules/@deepseek-ai/cordis-plugin-loader": {
      "version": "1.0.5",
      "resolved": "https://registry.npmmirror.com/@deepseek-ai/cordis-plugin-loader/-/cordis-plugin-loader-1.0.5.tgz",
      "integrity": "sha512-200huL2ttWcjyeYllvPYn+qMR7I89qy8MhZasbHltPzB/KMrSfsyoCYKdCGc5KqPGj5iJugcmibQzjINMO9I+Q==",
      "dev": true,
      "license": "MIT",
      "dependencies": {
        "@deepseek-ai/cosmokit": "~1.8.5",
        "@deepseek-ai/schemastery": "~3.18.4"
      },
      "peerDependencies": {
        "@deepseek-ai/cordis": "~4.0.4",
        "node-addon-require-builtin": "^0.1.6"
      },
      "peerDependenciesMeta": {
        "node-addon-require-builtin": {
          "optional": true
        }
      }
    },
    "node_modules/@deepseek-ai/cordis-plugin-loader/node_modules/@deepseek-ai/schemastery": {
      "version": "3.18.4",
      "resolved": "https://registry.npmmirror.com/@deepseek-ai/schemastery/-/schemastery-3.18.4.tgz",
      "integrity": "sha512-SSXO6tYuyrIqKVbmOnIq0s+riUywYzouFMcnBluHF9n4KMo2G8HvEzhCYj6pj2617/glOjbJuVInJ9hfONsjkg==",
      "dev": true,
      "license": "MIT",
      "dependencies": {
        "@deepseek-ai/cosmokit": "~1.8.5",
        "@standard-schema/spec": "^1.1.0"
      }
    },
    "node_modules/@deepseek-ai/cosmokit": {
      "version": "1.8.5",
      "resolved": "https://registry.npmmirror.com/@deepseek-ai/cosmokit/-/cosmokit-1.8.5.tgz",
      "integrity": "sha512-LXsrlem9z8dq4sLflj2yuCuYX7KqhdzF5hZly3eZyuTo8d6oDSOXuEgC5DbQWKW+lksm6zmOutQLsP/ma6wR6A==",
      "dev": true,
      "license": "MIT"
    },
    "node_modules/@deepseek-ai/dsh-agent": {
      "version": "0.1.7-rc.1",
      "resolved": "https://registry.npmmirror.com/@deepseek-ai/dsh-agent/-/dsh-agent-0.1.7-rc.1.tgz",
      "integrity": "sha512-WJWJ76bFhiKOHr8mnUpNF29OO/R+t9LIONzSSHtBKypT3RMaWm/5pV8qvDyEKCtR7nLn/4q+eKfl30zKqRBKyg==",
      "dev": true,
      "license": "MIT",
      "peerDependencies": {
        "@deepseek-ai/cordis": "~4.0.4",
        "@deepseek-ai/dsh-invariants": "0.1.7-rc.1",
        "@deepseek-ai/dsh-llm": "0.1.7-rc.1",
        "@deepseek-ai/dsh-scope": "0.1.7-rc.1",
        "@deepseek-ai/dsh-session": "0.1.7-rc.1",
        "@deepseek-ai/dsh-session-projection": "0.1.7-rc.1",
        "@deepseek-ai/dsh-system-prompt": "0.1.7-rc.1",
        "@deepseek-ai/dsh-typert-protocol": "0.1.7-rc.1",
        "@deepseek-ai/dsh-util-values": "0.1.7-rc.1",
        "@deepseek-ai/dsh-workspace": "0.1.7-rc.1"
      },
      "peerDependenciesMeta": {
        "@deepseek-ai/dsh-workspace": {
          "optional": true
        }
      }
    },
    "node_modules/@deepseek-ai/dsh-atomic-write": {
      "version": "0.1.7-rc.1",
      "resolved": "https://registry.npmmirror.com/@deepseek-ai/dsh-atomic-write/-/dsh-atomic-write-0.1.7-rc.1.tgz",
      "integrity": "sha512-FkxLHNnGQGoHsjMhtJay4IkXx8AACVOP9+TEXEMjJu9lAPgUOOhU1k2a9DwwgrNLJQURMlRQTnU3R1sW0kJ7YQ==",
      "dev": true,
      "license": "MIT",
      "peerDependencies": {
        "@deepseek-ai/cordis": "~4.0.4"
      }
    },
    "node_modules/@deepseek-ai/dsh-attachment": {
      "version": "0.1.7-rc.1",
      "resolved": "https://registry.npmmirror.com/@deepseek-ai/dsh-attachment/-/dsh-attachment-0.1.7-rc.1.tgz",
      "integrity": "sha512-iE0RTrUw1BEg3x8dnd3al46Ze+h/Z1hY/WenvhmX6fBiDp43Y1i9eWRflv/n+rM4E3760nMXXwAT+O/PwuJhMA==",
      "dev": true,
      "license": "MIT",
      "peerDependencies": {
        "@deepseek-ai/cordis": "~4.0.4",
        "@deepseek-ai/dsh-brand": "0.1.7-rc.1"
      }
    },
    "node_modules/@deepseek-ai/dsh-brand": {
      "version": "0.1.7-rc.1",
      "resolved": "https://registry.npmmirror.com/@deepseek-ai/dsh-brand/-/dsh-brand-0.1.7-rc.1.tgz",
      "integrity": "sha512-KvfCuVAiosEyqb37LbGwi2Li90VZXcIDaqM+CxV9qNoyQmGezh8UjFkNQENieT2hPzfQ4CiADbA3vJeLpeQm/g==",
      "dev": true,
      "license": "MIT",
      "peerDependencies": {
        "@deepseek-ai/cordis": "~4.0.4"
      }
    },
    "node_modules/@deepseek-ai/dsh-commands": {
      "version": "0.1.7-rc.1",
      "resolved": "https://registry.npmmirror.com/@deepseek-ai/dsh-commands/-/dsh-commands-0.1.7-rc.1.tgz",
      "integrity": "sha512-JC7+tnBZ1gar7qlaQbmtWtvetHbN4L0RhacpUeexGj8GJrbngOe/MAQ6etz99jdzdELJUEmvw1qX3ZA06+2zHg==",
      "dev": true,
      "license": "MIT",
      "dependencies": {
        "@deepseek-ai/dsh-util-crypto": "0.1.7-rc.1",
        "zod": "^4.4.3"
      },
      "peerDependencies": {
        "@deepseek-ai/cordis": "~4.0.4",
        "@deepseek-ai/dsh-agent": "0.1.7-rc.1",
        "@deepseek-ai/dsh-attachment": "0.1.7-rc.1",
        "@deepseek-ai/dsh-brand": "0.1.7-rc.1",
        "@deepseek-ai/dsh-invariants": "0.1.7-rc.1",
        "@deepseek-ai/dsh-llm": "0.1.7-rc.1",
        "@deepseek-ai/dsh-scope": "0.1.7-rc.1",
        "@deepseek-ai/dsh-session": "0.1.7-rc.1",
        "@deepseek-ai/dsh-typert-protocol": "0.1.7-rc.1"
      }
    },
    "node_modules/@deepseek-ai/dsh-config-editor": {
      "version": "0.1.7-rc.1",
      "resolved": "https://registry.npmmirror.com/@deepseek-ai/dsh-config-editor/-/dsh-config-editor-0.1.7-rc.1.tgz",
      "integrity": "sha512-I/PN8Dm2K4QpRHd6BU0vVd1uVMQa+iBjIC7xm2JLHjK3Tl7es/stDdE5sVg31h/p6KNsLvhwm259zKbFau5zIA==",
      "dev": true,
      "license": "MIT",
      "dependencies": {
        "@deepseek-ai/dsh-atomic-write": "0.1.7-rc.1",
        "js-yaml": "^4.1.0",
        "yaml": "^2.8.1"
      },
      "peerDependencies": {
        "@deepseek-ai/cordis": "~4.0.4",
        "@deepseek-ai/cordis-plugin-include": "~1.0.9",
        "@deepseek-ai/cordis-plugin-loader": "~1.0.5",
        "@deepseek-ai/dsh-app-boot": "0.1.7-rc.1",
        "@deepseek-ai/dsh-hmr": "0.1.7-rc.1"
      },
      "peerDependenciesMeta": {
        "@deepseek-ai/dsh-hmr": {
          "optional": true
        }
      }
    },
    "node_modules/@deepseek-ai/dsh-invariants": {
      "version": "0.1.7-rc.1",
      "resolved": "https://registry.npmmirror.com/@deepseek-ai/dsh-invariants/-/dsh-invariants-0.1.7-rc.1.tgz",
      "integrity": "sha512-YpV5n0THgTw98raUaqblDYNWxraX5A7oxOIHcr8w8eJyWE+XEJLePITeAwxZfwD+ElonZIvijZbk2twqFANNhg==",
      "dev": true,
      "license": "MIT",
      "dependencies": {
        "@deepseek-ai/schemastery": "~3.18.4"
      },
      "peerDependencies": {
        "@deepseek-ai/cordis": "~4.0.4"
      }
    },
    "node_modules/@deepseek-ai/dsh-invariants/node_modules/@deepseek-ai/schemastery": {
      "version": "3.18.4",
      "resolved": "https://registry.npmmirror.com/@deepseek-ai/schemastery/-/schemastery-3.18.4.tgz",
      "integrity": "sha512-SSXO6tYuyrIqKVbmOnIq0s+riUywYzouFMcnBluHF9n4KMo2G8HvEzhCYj6pj2617/glOjbJuVInJ9hfONsjkg==",
      "dev": true,
      "license": "MIT",
      "dependencies": {
        "@deepseek-ai/cosmokit": "~1.8.5",
        "@standard-schema/spec": "^1.1.0"
      }
    },
    "node_modules/@deepseek-ai/dsh-llm": {
      "version": "0.1.7-rc.1",
      "resolved": "https://registry.npmmirror.com/@deepseek-ai/dsh-llm/-/dsh-llm-0.1.7-rc.1.tgz",
      "integrity": "sha512-anh5XNpkjIUdcx1blVX75FILXjl1qRPslHOaneUoBNGlm52gwbgM50qw4YH1gaFpMNLmg+l0TJnvUcgaIGPbzg==",
      "dev": true,
      "license": "MIT",
      "dependencies": {
        "@deepseek-ai/dsh-brand": "0.1.7-rc.1",
        "@deepseek-ai/dsh-timeout": "0.1.7-rc.1",
        "@deepseek-ai/dsh-typert-protocol": "0.1.7-rc.1",
        "@deepseek-ai/dsh-util-crypto": "0.1.7-rc.1",
        "@deepseek-ai/dsh-util-values": "0.1.7-rc.1",
        "@deepseek-ai/schemastery": "~3.18.4",
        "zod": "^4.4.3"
      },
      "peerDependencies": {
        "@deepseek-ai/cordis": "~4.0.4"
      }
    },
    "node_modules/@deepseek-ai/dsh-llm/node_modules/@deepseek-ai/schemastery": {
      "version": "3.18.4",
      "resolved": "https://registry.npmmirror.com/@deepseek-ai/schemastery/-/schemastery-3.18.4.tgz",
      "integrity": "sha512-SSXO6tYuyrIqKVbmOnIq0s+riUywYzouFMcnBluHF9n4KMo2G8HvEzhCYj6pj2617/glOjbJuVInJ9hfONsjkg==",
      "dev": true,
      "license": "MIT",
      "dependencies": {
        "@deepseek-ai/cosmokit": "~1.8.5",
        "@standard-schema/spec": "^1.1.0"
      }
    },
    "node_modules/@deepseek-ai/dsh-sandbox": {
      "version": "0.1.7-rc.1",
      "resolved": "https://registry.npmmirror.com/@deepseek-ai/dsh-sandbox/-/dsh-sandbox-0.1.7-rc.1.tgz",
      "integrity": "sha512-Y8G3tMkBipVJ29wQzYy3YS79FG85SX8s2TYUjSZNYg0TwixYUPvaW1EhL25keaQZkQ8KAVaEiY+kN3tcbFHxHQ==",
      "dev": true,
      "license": "MIT",
      "dependencies": {
        "@deepseek-ai/dsh-util-values": "0.1.7-rc.1"
      },
      "peerDependencies": {
        "@deepseek-ai/cordis": "~4.0.4",
        "@deepseek-ai/dsh-llm": "0.1.7-rc.1",
        "@deepseek-ai/dsh-session": "0.1.7-rc.1"
      }
    },
    "node_modules/@deepseek-ai/dsh-scope": {
      "version": "0.1.7-rc.1",
      "resolved": "https://registry.npmmirror.com/@deepseek-ai/dsh-scope/-/dsh-scope-0.1.7-rc.1.tgz",
      "integrity": "sha512-douIAb+JNUHa6NoLvrgxY3f04NYfR6ZWcdmRnng5KTu+dbR/RrQLsxcG5unOJod1bn6aHQI3PLQ+FOP0zPaZTg==",
      "dev": true,
      "license": "MIT",
      "peerDependencies": {
        "@deepseek-ai/cordis": "~4.0.4",
        "@deepseek-ai/dsh-invariants": "0.1.7-rc.1"
      }
    },
    "node_modules/@deepseek-ai/dsh-session": {
      "version": "0.1.7-rc.1",
      "resolved": "https://registry.npmmirror.com/@deepseek-ai/dsh-session/-/dsh-session-0.1.7-rc.1.tgz",
      "integrity": "sha512-5R3g4UQ7KoezqHJ9LxqMgaGZWw0R3zZCypPm4R5dPxSB8xHCQvjfgaCrHYdPBT63B4coxollWupjyQTOdiWSKQ==",
      "dev": true,
      "license": "MIT",
      "dependencies": {
        "@deepseek-ai/dsh-brand": "0.1.7-rc.1",
        "@deepseek-ai/dsh-llm": "0.1.7-rc.1",
        "@deepseek-ai/dsh-util-values": "0.1.7-rc.1"
      },
      "peerDependencies": {
        "@deepseek-ai/cordis": "~4.0.4",
        "@deepseek-ai/dsh-scope": "0.1.7-rc.1"
      }
    },
    "node_modules/@deepseek-ai/dsh-settings": {
      "version": "0.1.7-rc.1",
      "resolved": "https://registry.npmmirror.com/@deepseek-ai/dsh-settings/-/dsh-settings-0.1.7-rc.1.tgz",
      "integrity": "sha512-+oh7ITCoLqL7zOC5lousBWq+BWzVeEAm3xkM95ixzulP9gy1hUd5f8eTE8o1NKoZRwkOiu5Zm+RxcHAORB/pWQ==",
      "dev": true,
      "license": "MIT",
      "dependencies": {
        "@deepseek-ai/cordis-plugin-loader": "~1.0.5",
        "@deepseek-ai/cosmokit": "~1.8.5",
        "@deepseek-ai/dsh-config-editor": "0.1.7-rc.1",
        "@deepseek-ai/dsh-util-values": "0.1.7-rc.1",
        "yaml": "^2.8.1"
      },
      "peerDependencies": {
        "@deepseek-ai/cordis": "~4.0.4",
        "@deepseek-ai/dsh-brand": "0.1.7-rc.1",
        "@deepseek-ai/dsh-invariants": "0.1.7-rc.1",
        "@deepseek-ai/dsh-session": "0.1.7-rc.1",
        "@deepseek-ai/schemastery": "~3.18.4"
      }
    },
    "node_modules/@deepseek-ai/dsh-skill": {
      "version": "0.1.7-rc.1",
      "resolved": "https://registry.npmmirror.com/@deepseek-ai/dsh-skill/-/dsh-skill-0.1.7-rc.1.tgz",
      "integrity": "sha512-kt7m3Oa+37Zgdvpgv2ICEGBvYiSk85aj6FCEyzhbWjYLNDee0m6CPW7hKhI1uJRGLnK7HuLRmI7BXGZVFN0WXA==",
      "dev": true,
      "license": "MIT",
      "dependencies": {
        "@deepseek-ai/dsh-util-values": "0.1.7-rc.1",
        "@deepseek-ai/schemastery": "~3.18.4"
      },
      "peerDependencies": {
        "@deepseek-ai/cordis": "~4.0.4",
        "@deepseek-ai/dsh-llm": "0.1.7-rc.1",
        "@deepseek-ai/dsh-scope": "0.1.7-rc.1"
      }
    },
    "node_modules/@deepseek-ai/dsh-skill/node_modules/@deepseek-ai/schemastery": {
      "version": "3.18.4",
      "resolved": "https://registry.npmmirror.com/@deepseek-ai/schemastery/-/schemastery-3.18.4.tgz",
      "integrity": "sha512-SSXO6tYuyrIqKVbmOnIq0s+riUywYzouFMcnBluHF9n4KMo2G8HvEzhCYj6pj2617/glOjbJuVInJ9hfONsjkg==",
      "dev": true,
      "license": "MIT",
      "dependencies": {
        "@deepseek-ai/cosmokit": "~1.8.5",
        "@standard-schema/spec": "^1.1.0"
      }
    },
    "node_modules/@deepseek-ai/dsh-system-prompt": {
      "version": "0.1.7-rc.1",
      "resolved": "https://registry.npmmirror.com/@deepseek-ai/dsh-system-prompt/-/dsh-system-prompt-0.1.7-rc.1.tgz",
      "integrity": "sha512-QnN3WEYeLQOJJRPz3zhLO4lDTa+8rKKhPluAXA0ZDeP1FgBFhDuMw+A2/Utf7X56gU1WveL5O/cuB0ZBd/8SRw==",
      "dev": true,
      "license": "MIT",
      "dependencies": {
        "@deepseek-ai/schemastery": "~3.18.4"
      },
      "peerDependencies": {
        "@deepseek-ai/cordis": "~4.0.4",
        "@deepseek-ai/dsh-invariants": "0.1.7-rc.1",
        "@deepseek-ai/dsh-llm": "0.1.7-rc.1",
        "@deepseek-ai/dsh-scope": "0.1.7-rc.1"
      }
    },
    "node_modules/@deepseek-ai/dsh-system-prompt/node_modules/@deepseek-ai/schemastery": {
      "version": "3.18.4",
      "resolved": "https://registry.npmmirror.com/@deepseek-ai/schemastery/-/schemastery-3.18.4.tgz",
      "integrity": "sha512-SSXO6tYuyrIqKVbmOnIq0s+riUywYzouFMcnBluHF9n4KMo2G8HvEzhCYj6pj2617/glOjbJuVInJ9hfONsjkg==",
      "dev": true,
      "license": "MIT",
      "dependencies": {
        "@deepseek-ai/cosmokit": "~1.8.5",
        "@standard-schema/spec": "^1.1.0"
      }
    },
    "node_modules/@deepseek-ai/dsh-timeout": {
      "version": "0.1.7-rc.1",
      "resolved": "https://registry.npmmirror.com/@deepseek-ai/dsh-timeout/-/dsh-timeout-0.1.7-rc.1.tgz",
      "integrity": "sha512-gIwkv++KmjsVoaAiI4p42YbJKR65Lh/mfTfrjOpB+mon79R4EUaPytamsWf0zw0Bt5zQ6qeIfCif1xeFHjdGJw==",
      "dev": true,
      "license": "MIT",
      "peerDependencies": {
        "@deepseek-ai/cordis": "~4.0.4"
      }
    },
    "node_modules/@deepseek-ai/dsh-tools": {
      "version": "0.1.7-rc.1",
      "resolved": "https://registry.npmmirror.com/@deepseek-ai/dsh-tools/-/dsh-tools-0.1.7-rc.1.tgz",
      "integrity": "sha512-7PoWPf0VTcpK/RY8w78gUhLCmTfgCGGsbbi1hrR0JMMiKI4wAhpVEDO8u9lht5uCLm5wfQ+DP+rKl7LdwT4HrA==",
      "dev": true,
      "license": "MIT",
      "dependencies": {
        "@deepseek-ai/dsh-brand": "0.1.7-rc.1",
        "@deepseek-ai/dsh-util-values": "0.1.7-rc.1",
        "@deepseek-ai/schemastery": "~3.18.4"
      },
      "peerDependencies": {
        "@deepseek-ai/cordis": "~4.0.4",
        "@deepseek-ai/dsh-agent": "0.1.7-rc.1",
        "@deepseek-ai/dsh-invariants": "0.1.7-rc.1",
        "@deepseek-ai/dsh-llm": "0.1.7-rc.1",
        "@deepseek-ai/dsh-ptc-runtime": "0.1.7-rc.1",
        "@deepseek-ai/dsh-sandbox": "0.1.7-rc.1",
        "@deepseek-ai/dsh-sandbox-policy": "0.1.7-rc.1",
        "@deepseek-ai/dsh-scope": "0.1.7-rc.1",
        "@deepseek-ai/dsh-session": "0.1.7-rc.1",
        "@deepseek-ai/dsh-system-prompt": "0.1.7-rc.1",
        "@deepseek-ai/dsh-user-approval": "0.1.7-rc.1"
      }
    },
    "node_modules/@deepseek-ai/dsh-tools/node_modules/@deepseek-ai/schemastery": {
      "version": "3.18.4",
      "resolved": "https://registry.npmmirror.com/@deepseek-ai/schemastery/-/schemastery-3.18.4.tgz",
      "integrity": "sha512-SSXO6tYuyrIqKVbmOnIq0s+riUywYzouFMcnBluHF9n4KMo2G8HvEzhCYj6pj2617/glOjbJuVInJ9hfONsjkg==",
      "dev": true,
      "license": "MIT",
      "dependencies": {
        "@deepseek-ai/cosmokit": "~1.8.5",
        "@standard-schema/spec": "^1.1.0"
      }
    },
    "node_modules/@deepseek-ai/dsh-typert-protocol": {
      "version": "0.1.7-rc.1",
      "resolved": "https://registry.npmmirror.com/@deepseek-ai/dsh-typert-protocol/-/dsh-typert-protocol-0.1.7-rc.1.tgz",
      "integrity": "sha512-DOJiFdvHl1RoJHO7C6XymZUqVZwZiF7JL1PS+AEtQWg6nsYXvlkF1VLbwzPxMW470RzzimGLCz7boOxx086dLA==",
      "dev": true,
      "license": "MIT",
      "dependencies": {
        "@deepseek-ai/dsh-brand": "0.1.7-rc.1"
      },
      "peerDependencies": {
        "@deepseek-ai/cordis": "~4.0.4"
      }
    },
    "node_modules/@deepseek-ai/dsh-user-approval": {
      "version": "0.1.7-rc.1",
      "resolved": "https://registry.npmmirror.com/@deepseek-ai/dsh-user-approval/-/dsh-user-approval-0.1.7-rc.1.tgz",
      "integrity": "sha512-+L+G/n9m+2GoPeeXbqAqNJbgALJOSGKldw5GBzVfcowRzIAhq154aSFx++YfqwgBAlgl06jNOQ4AbX484j3+YQ==",
      "dev": true,
      "license": "MIT",
      "dependencies": {
        "@deepseek-ai/schemastery": "~3.18.4"
      },
      "peerDependencies": {
        "@deepseek-ai/cordis": "~4.0.4",
        "@deepseek-ai/dsh-agent": "0.1.7-rc.1",
        "@deepseek-ai/dsh-brand": "0.1.7-rc.1",
        "@deepseek-ai/dsh-invariants": "0.1.7-rc.1",
        "@deepseek-ai/dsh-llm": "0.1.7-rc.1",
        "@deepseek-ai/dsh-scope": "0.1.7-rc.1",
        "@deepseek-ai/dsh-session": "0.1.7-rc.1",
        "@deepseek-ai/dsh-system-prompt": "0.1.7-rc.1"
      }
    },
    "node_modules/@deepseek-ai/dsh-user-approval/node_modules/@deepseek-ai/schemastery": {
      "version": "3.18.4",
      "resolved": "https://registry.npmmirror.com/@deepseek-ai/schemastery/-/schemastery-3.18.4.tgz",
      "integrity": "sha512-SSXO6tYuyrIqKVbmOnIq0s+riUywYzouFMcnBluHF9n4KMo2G8HvEzhCYj6pj2617/glOjbJuVInJ9hfONsjkg==",
      "dev": true,
      "license": "MIT",
      "dependencies": {
        "@deepseek-ai/cosmokit": "~1.8.5",
        "@standard-schema/spec": "^1.1.0"
      }
    },
    "node_modules/@deepseek-ai/dsh-util-crypto": {
      "version": "0.1.7-rc.1",
      "resolved": "https://registry.npmmirror.com/@deepseek-ai/dsh-util-crypto/-/dsh-util-crypto-0.1.7-rc.1.tgz",
      "integrity": "sha512-jzJFXwDMAQQQcticHErnVEcINCq9P9XSHgZ7VHE4xv6huqXLiRnLN1KWDD96s/vKf9lfrXF3HJr/xNZxyvbcIg==",
      "dev": true,
      "license": "MIT",
      "peerDependencies": {
        "@deepseek-ai/cordis": "~4.0.4"
      }
    },
    "node_modules/@deepseek-ai/dsh-util-values": {
      "version": "0.1.7-rc.1",
      "resolved": "https://registry.npmmirror.com/@deepseek-ai/dsh-util-values/-/dsh-util-values-0.1.7-rc.1.tgz",
      "integrity": "sha512-PYSCI/0VxMQS8igLUrSZASuijiTwiCCfgYGn5K7pSLvs0fZn8ccX0NWYFzorPGQH3tYSFpWSHLNQeGgj14ZwDw==",
      "dev": true,
      "license": "MIT",
      "peerDependencies": {
        "@deepseek-ai/cordis": "~4.0.4"
      }
    },
    "node_modules/@deepseek-ai/schemastery": {
      "version": "3.18.2",
      "resolved": "https://registry.npmmirror.com/@deepseek-ai/schemastery/-/schemastery-3.18.2.tgz",
      "integrity": "sha512-njDtZsznjYxok7KLLlHOPyuv2efdWVbSflAHgztSfbMsg+CVraEoRe2DjOCgClYv3ZCSm7WXoaUkbB/+RY7tWQ==",
      "dev": true,
      "license": "MIT",
      "dependencies": {
        "@deepseek-ai/cosmokit": "^1.8.3",
        "@standard-schema/spec": "^1.1.0"
      }
    },
    "node_modules/@standard-schema/spec": {
      "version": "1.1.0",
      "resolved": "https://registry.npmmirror.com/@standard-schema/spec/-/spec-1.1.0.tgz",
      "integrity": "sha512-l2aFy5jALhniG5HgqrD6jXLi/rUWrKvqN/qJx6yoJsgKhblVd+iqqU4RCXavm/jPityDo5TCvKMnpjKnOriy0w==",
      "dev": true,
      "license": "MIT"
    },
    "node_modules/@types/node": {
      "version": "22.20.1",
      "resolved": "https://registry.npmmirror.com/@types/node/-/node-22.20.1.tgz",
      "integrity": "sha512-EANqOCF9QFyra+4pfxUcX9STKJpCLjMbObVzljIJomAWSnuSIEAvyzEU53GaajbXJEgdh0iEcPL+DGvpUd4k1Q==",
      "dev": true,
      "license": "MIT",
      "dependencies": {
        "undici-types": "~6.21.0"
      }
    },
    "node_modules/argparse": {
      "version": "2.0.1",
      "resolved": "https://registry.npmmirror.com/argparse/-/argparse-2.0.1.tgz",
      "integrity": "sha512-8+9WqebbFzpX9OR+Wa6O29asIogeRMzcGtAINdpMHHyAg10f05aSFVBbcEqGf/PXw1EjAZ+q2/bEBg3DvurK3Q==",
      "dev": true,
      "license": "Python-2.0"
    },
    "node_modules/js-yaml": {
      "version": "4.3.2",
      "resolved": "https://registry.npmmirror.com/js-yaml/-/js-yaml-4.3.2.tgz",
      "integrity": "sha512-SFNOvSJ+Dgf/9An904Yx+CgSlIPCkIpao4qo51lpee25TIRejdH3rhR4EZMGoNx3/TP3O+wzWuiTFl4sqbltzA==",
      "dev": true,
      "funding": [
        {
          "type": "github",
          "url": "https://github.com/sponsors/puzrin"
        },
        {
          "type": "github",
          "url": "https://github.com/sponsors/nodeca"
        }
      ],
      "license": "MIT",
      "dependencies": {
        "argparse": "^2.0.1"
      },
      "bin": {
        "js-yaml": "bin/js-yaml.js"
      }
    },
    "node_modules/typescript": {
      "version": "5.9.3",
      "resolved": "https://registry.npmmirror.com/typescript/-/typescript-5.9.3.tgz",
      "integrity": "sha512-jl1vZzPDinLr9eUt3J/t7V6FgNEw9QjvBPdysz9KfQDD41fQrC2Y4vKQdiaUpFT4bXlb1RHhLpp8wtm6M5TgSw==",
      "dev": true,
      "license": "Apache-2.0",
      "bin": {
        "tsc": "bin/tsc",
        "tsserver": "bin/tsserver"
      },
      "engines": {
        "node": ">=14.17"
      }
    },
    "node_modules/undici-types": {
      "version": "6.21.0",
      "resolved": "https://registry.npmmirror.com/undici-types/-/undici-types-6.21.0.tgz",
      "integrity": "sha512-iwDZqg0QAGrg9Rav5H4n0M64c3mkR59cJ6wQp+7C4nI0gsmExaedaYLNO44eT4AtBBwjbTiGPMlt2Md0T9H9JQ==",
      "dev": true,
      "license": "MIT"
    },
    "node_modules/yaml": {
      "version": "2.9.1",
      "resolved": "https://registry.npmmirror.com/yaml/-/yaml-2.9.1.tgz",
      "integrity": "sha512-3NxN8+78OdzbT7C/WjGsyfPAtJaN3FNDsWxv7Y7mcDsT/oOmgW8BpyQQFFBnvZE3j9Y2Sdz1ULFLezL7Eb2yFw==",
      "dev": true,
      "license": "ISC",
      "bin": {
        "yaml": "bin.mjs"
      },
      "engines": {
        "node": ">= 14.6"
      },
      "funding": {
        "url": "https://github.com/sponsors/eemeli"
      }
    },
    "node_modules/zod": {
      "version": "4.5.4",
      "resolved": "https://registry.npmmirror.com/zod/-/zod-4.5.4.tgz",
      "integrity": "sha512-sC95tT5iHHH9gtpj6A81kh+NEaRAUFN+qlUPDUbRfOMvNf5QCBqsb3WgvnpVtK5Y+4UfA6KqufotuTvMGiTlsA==",
      "dev": true,
      "license": "MIT",
      "funding": {
        "url": "https://github.com/sponsors/colinhacks"
      }
    }
  }
}
